
Microsoft Visual Studio Solution File, Format Version 12.00
# Visual Studio Version 16
VisualStudioVersion = 16.0.30011.22
MinimumVisualStudioVersion = 10.0.40219.1
Project("{FAE04EC0-301F-11D3-BF4B-00C04F79EFBC}") = "JeremyAnsel.DirectX.SdkCamera", "JeremyAnsel.DirectX.SdkCamera\JeremyAnsel.DirectX.SdkCamera.csproj", "{DA0F68CF-7125-4109-B0F5-680B300A263E}"
EndProject
Project("{FAE04EC0-301F-11D3-BF4B-00C04F79EFBC}") = "Documentation", "Documentation\Documentation.csproj", "{01467D83-01FD-46CC-8377-B4007BBF240D}"
	ProjectSection(ProjectDependencies) = postProject
		{DA0F68CF-7125-4109-B0F5-680B300A263E} = {DA0F68CF-7125-4109-B0F5-680B300A263E}
	EndProjectSection
EndProject
Global
	GlobalSection(SolutionConfigurationPlatforms) = preSolution
		Debug|Any CPU = Debug|Any CPU
		Release|Any CPU = Release|Any CPU
	EndGlobalSection
	GlobalSection(ProjectConfigurationPlatforms) = postSolution
		{DA0F68CF-7125-4109-B0F5-680B300A263E}.Debug|Any CPU.ActiveCfg = Debug|Any CPU
		{DA0F68CF-7125-4109-B0F5-680B300A263E}.Debug|Any CPU.Build.0 = Debug|Any CPU
		{DA0F68CF-7125-4109-B0F5-680B300A263E}.Release|Any CPU.ActiveCfg = Release|Any CPU
		{DA0F68CF-7125-4109-B0F5-680B300A263E}.Release|Any CPU.Build.0 = Release|Any CPU
		{01467D83-01FD-46CC-8377-B4007BBF240D}.Debug|Any CPU.ActiveCfg = Debug|Any CPU
		{01467D83-01FD-46CC-8377-B4007BBF240D}.Debug|Any CPU.Build.0 = Debug|Any CPU
		{01467D83-01FD-46CC-8377-B4007BBF240D}.Release|Any CPU.ActiveCfg = Release|Any CPU
		{01467D83-01FD-46CC-8377-B4007BBF240D}.Release|Any CPU.Build.0 = Release|Any CPU
	EndGlobalSection
	GlobalSection(SolutionProperties) = preSolution
		HideSolutionNode = FALSE
	EndGlobalSection
	GlobalSection(ExtensibilityGlobals) = postSolution
		SolutionGuid = {354BBF8A-BE25-45A1-BA74-ACBF06426878}
	EndGlobalSection
EndGlobal
